
Microsoft Visual Studio Solution File, Format Version 12.00
# Visual Studio Version 17
VisualStudioVersion = 17.14.36109.1 d17.14
MinimumVisualStudioVersion = 10.0.40219.1
Project("{FAE04EC0-301F-11D3-BF4B-00C04F79EFBC}") = "CP2", "CP2\CP2.csproj", "{AEF20624-D123-4650-B0B4-4A0AACC723A8}"
EndProject
Global
	GlobalSection(SolutionConfigurationPlatforms) = preSolution
		Debug|Any CPU = Debug|Any CPU
		Release|Any CPU = Release|Any CPU
	EndGlobalSection
	GlobalSection(ProjectConfigurationPlatforms) = postSolution
		{AEF20624-D123-4650-B0B4-4A0AACC723A8}.Debug|Any CPU.ActiveCfg = Debug|Any CPU
		{AEF20624-D123-4650-B0B4-4A0AACC723A8}.Debug|Any CPU.Build.0 = Debug|Any CPU
		{AEF20624-D123-4650-B0B4-4A0AACC723A8}.Release|Any CPU.ActiveCfg = Release|Any CPU
		{AEF20624-D123-4650-B0B4-4A0AACC723A8}.Release|Any CPU.Build.0 = Release|Any CPU
	EndGlobalSection
	GlobalSection(SolutionProperties) = preSolution
		HideSolutionNode = FALSE
	EndGlobalSection
	GlobalSection(ExtensibilityGlobals) = postSolution
		SolutionGuid = {54F6FB95-197C-4A2B-9DF9-5F6B5EB161C3}
	EndGlobalSection
EndGlobal
